// !$*UTF8*$!
{
	archiveVersion = 1;
	classes = {
	};
	objectVersion = 55;
	objects = {

/* Begin PBXBuildFile section */
		B4D3D39E277523B300135DD2 /* cakeApplicatiionApp.swift in Sources */ = {isa = PBXBuildFile; fileRef = B4D3D39D277523B300135DD2 /* cakeApplicatiionApp.swift */; };
		B4D3D3A0277523B300135DD2 /* ContentView.swift in Sources */ = {isa = PBXBuildFile; fileRef = B4D3D39F277523B300135DD2 /* ContentView.swift */; };
		B4D3D3A2277523B400135DD2 /* Assets.xcassets in Resources */ = {isa = PBXBuildFile; fileRef = B4D3D3A1277523B400135DD2 /* Assets.xcassets */; };
		B4D3D3A5277523B400135DD2 /* Preview Assets.xcassets in Resources */ = {isa = PBXBuildFile; fileRef = B4D3D3A4277523B400135DD2 /* Preview Assets.xcassets */; };
		B4D3D3A7277523B400135DD2 /* Persistence.swift in Sources */ = {isa = PBXBuildFile; fileRef = B4D3D3A6277523B400135DD2 /* Persistence.swift */; };
		B4D3D3AA277523B400135DD2 /* cakeApplicatiion.xcdatamodeld in Sources */ = {isa = PBXBuildFile; fileRef = B4D3D3A8277523B400135DD2 /* cakeApplicatiion.xcdatamodeld */; };
		B4D3D3B4277523B400135DD2 /* cakeApplicatiionTests.swift in Sources */ = {isa = PBXBuildFile; fileRef = B4D3D3B3277523B400135DD2 /* cakeApplicatiionTests.swift */; };
		B4D3D3BE277523B400135DD2 /* cakeApplicatiionUITests.swift in Sources */ = {isa = PBXBuildFile; fileRef = B4D3D3BD277523B400135DD2 /* cakeApplicatiionUITests.swift */; };
		B4D3D3C0277523B400135DD2 /* cakeApplicatiionUITestsLaunchTests.swift in Sources */ = {isa = PBXBuildFile; fileRef = B4D3D3BF277523B400135DD2 /* cakeApplicatiionUITestsLaunchTests.swift */; };
/* End PBXBuildFile section */

/* Begin PBXContainerItemProxy section */
		B4D3D3B0277523B400135DD2 /* PBXContainerItemProxy */ = {
			isa = PBXContainerItemProxy;
			containerPortal = B4D3D392277523B300135DD2 /* Project object */;
			proxyType = 1;
			remoteGlobalIDString = B4D3D399277523B300135DD2;
			remoteInfo = cakeApplicatiion;
		};
		B4D3D3BA277523B400135DD2 /* PBXContainerItemProxy */ = {
			isa = PBXContainerItemProxy;
			containerPortal = B4D3D392277523B300135DD2 /* Project object */;
			proxyType = 1;
			remoteGlobalIDString = B4D3D399277523B300135DD2;
			remoteInfo = cakeApplicatiion;
		};
/* End PBXContainerItemProxy section */

/* Begin PBXFileReference section */
		B4D3D39A277523B300135DD2 /* cakeApplicatiion.app */ = {isa = PBXFileReference; explicitFileType = wrapper.application; includeInIndex = 0; path = cakeApplicatiion.app; sourceTree = BUILT_PRODUCTS_DIR; };
		B4D3D39D277523B300135DD2 /* cakeApplicatiionApp.swift */ = {isa = PBXFileReference; lastKnownFileType = sourcecode.swift; path = cakeApplicatiionApp.swift; sourceTree = "<group>"; };
		B4D3D39F277523B300135DD2 /* ContentView.swift */ = {isa = PBXFileReference; lastKnownFileType = sourcecode.swift; path = ContentView.swift; sourceTree = "<group>"; };
		B4D3D3A1277523B400135DD2 /* Assets.xcassets */ = {isa = PBXFileReference; lastKnownFileType = folder.assetcatalog; path = Assets.xcassets; sourceTree = "<group>"; };
		B4D3D3A4277523B400135DD2 /* Preview Assets.xcassets */ = {isa = PBXFileReference; lastKnownFileType = folder.assetcatalog; path = "Preview Assets.xcassets"; sourceTree = "<group>"; };
		B4D3D3A6277523B400135DD2 /* Persistence.swift */ = {isa = PBXFileReference; lastKnownFileType = sourcecode.swift; path = Persistence.swift; sourceTree = "<group>"; };
		B4D3D3A9277523B400135DD2 /* cakeApplicatiion.xcdatamodel */ = {isa = PBXFileReference; lastKnownFileType = wrapper.xcdatamodel; path = cakeApplicatiion.xcdatamodel; sourceTree = "<group>"; };
		B4D3D3AF277523B400135DD2 /* cakeApplicatiionTests.xctest */ = {isa = PBXFileReference; explicitFileType = wrapper.cfbundle; includeInIndex = 0; path = cakeApplicatiionTests.xctest; sourceTree = BUILT_PRODUCTS_DIR; };
		B4D3D3B3277523B400135DD2 /* cakeApplicatiionTests.swift */ = {isa = PBXFileReference; lastKnownFileType = sourcecode.swift; path = cakeApplicatiionTests.swift; sourceTree = "<group>"; };
		B4D3D3B9277523B400135DD2 /* cakeApplicatiionUITests.xctest */ = {isa = PBXFileReference; explicitFileType = wrapper.cfbundle; includeInIndex = 0; path = cakeApplicatiionUITests.xctest; sourceTree = BUILT_PRODUCTS_DIR; };
		B4D3D3BD277523B400135DD2 /* cakeApplicatiionUITests.swift */ = {isa = PBXFileReference; lastKnownFileType = sourcecode.swift; path = cakeApplicatiionUITests.swift; sourceTree = "<group>"; };
		B4D3D3BF277523B400135DD2 /* cakeApplicatiionUITestsLaunchTests.swift */ = {isa = PBXFileReference; lastKnownFileType = sourcecode.swift; path = cakeApplicatiionUITestsLaunchTests.swift; sourceTree = "<group>"; };
/* End PBXFileReference section */

/* Begin PBXFrameworksBuildPhase section */
		B4D3D397277523B300135DD2 /* Frameworks */ = {
			isa = PBXFrameworksBuildPhase;
			buildActionMask = 2147483647;
			files = (
			);
			runOnlyForDeploymentPostprocessing = 0;
		};
		B4D3D3AC277523B400135DD2 /* Frameworks */ = {
			isa = PBXFrameworksBuildPhase;
			buildActionMask = 2147483647;
			files = (
			);
			runOnlyForDeploymentPostprocessing = 0;
		};
		B4D3D3B6277523B400135DD2 /* Frameworks */ = {
			isa = PBXFrameworksBuildPhase;
			buildActionMask = 2147483647;
			files = (
			);
			runOnlyForDeploymentPostprocessing = 0;
		};
/* End PBXFrameworksBuildPhase section */

/* Begin PBXGroup section */
		B4D3D391277523B300135DD2 = {
			isa = PBXGroup;
			children = (
				B4D3D39C277523B300135DD2 /* cakeApplicatiion */,
				B4D3D3B2277523B400135DD2 /* cakeApplicatiionTests */,
				B4D3D3BC277523B400135DD2 /* cakeApplicatiionUITests */,
				B4D3D39B277523B300135DD2 /* Products */,
			);
			sourceTree = "<group>";
		};
		B4D3D39B277523B300135DD2 /* Products */ = {
			isa = PBXGroup;
			children = (
				B4D3D39A277523B300135DD2 /* cakeApplicatiion.app */,
				B4D3D3AF277523B400135DD2 /* cakeApplicatiionTests.xctest */,
				B4D3D3B9277523B400135DD2 /* cakeApplicatiionUITests.xctest */,
			);
			name = Products;
			sourceTree = "<group>";
		};
		B4D3D39C277523B300135DD2 /* cakeApplicatiion */ = {
			isa = PBXGroup;
			children = (
				B4D3D39D277523B300135DD2 /* cakeApplicatiionApp.swift */,
				B4D3D39F277523B300135DD2 /* ContentView.swift */,
				B4D3D3A1277523B400135DD2 /* Assets.xcassets */,
				B4D3D3A6277523B400135DD2 /* Persistence.swift */,
				B4D3D3A8277523B400135DD2 /* cakeApplicatiion.xcdatamodeld */,
				B4D3D3A3277523B400135DD2 /* Preview Content */,
			);
			path = cakeApplicatiion;
			sourceTree = "<group>";
		};
		B4D3D3A3277523B400135DD2 /* Preview Content */ = {
			isa = PBXGroup;
			children = (
				B4D3D3A4277523B400135DD2 /* Preview Assets.xcassets */,
			);
			path = "Preview Content";
			sourceTree = "<group>";
		};
		B4D3D3B2277523B400135DD2 /* cakeApplicatiionTests */ = {
			isa = PBXGroup;
			children = (
				B4D3D3B3277523B400135DD2 /* cakeApplicatiionTests.swift */,
			);
			path = cakeApplicatiionTests;
			sourceTree = "<group>";
		};
		B4D3D3BC277523B400135DD2 /* cakeApplicatiionUITests */ = {
			isa = PBXGroup;
			children = (
				B4D3D3BD277523B400135DD2 /* cakeApplicatiionUITests.swift */,
				B4D3D3BF277523B400135DD2 /* cakeApplicatiionUITestsLaunchTests.swift */,
			);
			path = cakeApplicatiionUITests;
			sourceTree = "<group>";
		};
/* End PBXGroup section */

/* Begin PBXNativeTarget section */
		B4D3D399277523B300135DD2 /* cakeApplicatiion */ = {
			isa = PBXNativeTarget;
			buildConfigurationList = B4D3D3C3277523B400135DD2 /* Build configuration list for PBXNativeTarget "cakeApplicatiion" */;
			buildPhases = (
				B4D3D396277523B300135DD2 /* Sources */,
				B4D3D397277523B300135DD2 /* Frameworks */,
				B4D3D398277523B300135DD2 /* Resources */,
			);
			buildRules = (
			);
			dependencies = (
			);
			name = cakeApplicatiion;
			productName = cakeApplicatiion;
			productReference = B4D3D39A277523B300135DD2 /* cakeApplicatiion.app */;
			productType = "com.apple.product-type.application";
		};
		B4D3D3AE277523B400135DD2 /* cakeApplicatiionTests */ = {
			isa = PBXNativeTarget;
			buildConfigurationList = B4D3D3C6277523B400135DD2 /* Build configuration list for PBXNativeTarget "cakeApplicatiionTests" */;
			buildPhases = (
				B4D3D3AB277523B400135DD2 /* Sources */,
				B4D3D3AC277523B400135DD2 /* Frameworks */,
				B4D3D3AD277523B400135DD2 /* Resources */,
			);
			buildRules = (
			);
			dependencies = (
				B4D3D3B1277523B400135DD2 /* PBXTargetDependency */,
			);
			name = cakeApplicatiionTests;
			productName = cakeApplicatiionTests;
			productReference = B4D3D3AF277523B400135DD2 /* cakeApplicatiionTests.xctest */;
			productType = "com.apple.product-type.bundle.unit-test";
		};
		B4D3D3B8277523B400135DD2 /* cakeApplicatiionUITests */ = {
			isa = PBXNativeTarget;
			buildConfigurationList = B4D3D3C9277523B400135DD2 /* Build configuration list for PBXNativeTarget "cakeApplicatiionUITests" */;
			buildPhases = (
				B4D3D3B5277523B400135DD2 /* Sources */,
				B4D3D3B6277523B400135DD2 /* Frameworks */,
				B4D3D3B7277523B400135DD2 /* Resources */,
			);
			buildRules = (
			);
			dependencies = (
				B4D3D3BB277523B400135DD2 /* PBXTargetDependency */,
			);
			name = cakeApplicatiionUITests;
			productName = cakeApplicatiionUITests;
			productReference = B4D3D3B9277523B400135DD2 /* cakeApplicatiionUITests.xctest */;
			productType = "com.apple.product-type.bundle.ui-testing";
		};
/* End PBXNativeTarget section */

/* Begin PBXProject section */
		B4D3D392277523B300135DD2 /* Project object */ = {
			isa = PBXProject;
			attributes = {
				BuildIndependentTargetsInParallel = 1;
				LastSwiftUpdateCheck = 1320;
				LastUpgradeCheck = 1320;
				TargetAttributes = {
					B4D3D399277523B300135DD2 = {
						CreatedOnToolsVersion = 13.2;
					};
					B4D3D3AE277523B400135DD2 = {
						CreatedOnToolsVersion = 13.2;
						TestTargetID = B4D3D399277523B300135DD2;
					};
					B4D3D3B8277523B400135DD2 = {
						CreatedOnToolsVersion = 13.2;
						TestTargetID = B4D3D399277523B300135DD2;
					};
				};
			};
			buildConfigurationList = B4D3D395277523B300135DD2 /* Build configuration list for PBXProject "cakeApplicatiion" */;
			compatibilityVersion = "Xcode 13.0";
			developmentRegion = en;
			hasScannedForEncodings = 0;
			knownRegions = (
				en,
				Base,
			);
			mainGroup = B4D3D391277523B300135DD2;
			productRefGroup = B4D3D39B277523B300135DD2 /* Products */;
			projectDirPath = "";
			projectRoot = "";
			targets = (
				B4D3D399277523B300135DD2 /* cakeApplicatiion */,
				B4D3D3AE277523B400135DD2 /* cakeApplicatiionTests */,
				B4D3D3B8277523B400135DD2 /* cakeApplicatiionUITests */,
			);
		};
/* End PBXProject section */

/* Begin PBXResourcesBuildPhase section */
		B4D3D398277523B300135DD2 /* Resources */ = {
			isa = PBXResourcesBuildPhase;
			buildActionMask = 2147483647;
			files = (
				B4D3D3A5277523B400135DD2 /* Preview Assets.xcassets in Resources */,
				B4D3D3A2277523B400135DD2 /* Assets.xcassets in Resources */,
			);
			runOnlyForDeploymentPostprocessing = 0;
		};
		B4D3D3AD277523B400135DD2 /* Resources */ = {
			isa = PBXResourcesBuildPhase;
			buildActionMask = 2147483647;
			files = (
			);
			runOnlyForDeploymentPostprocessing = 0;
		};
		B4D3D3B7277523B400135DD2 /* Resources */ = {
			isa = PBXResourcesBuildPhase;
			buildActionMask = 2147483647;
			files = (
			);
			runOnlyForDeploymentPostprocessing = 0;
		};
/* End PBXResourcesBuildPhase section */

/* Begin PBXSourcesBuildPhase section */
		B4D3D396277523B300135DD2 /* Sources */ = {
			isa = PBXSourcesBuildPhase;
			buildActionMask = 2147483647;
			files = (
				B4D3D3A7277523B400135DD2 /* Persistence.swift in Sources */,
				B4D3D3A0277523B300135DD2 /* ContentView.swift in Sources */,
				B4D3D3AA277523B400135DD2 /* cakeApplicatiion.xcdatamodeld in Sources */,
				B4D3D39E277523B300135DD2 /* cakeApplicatiionApp.swift in Sources */,
			);
			runOnlyForDeploymentPostprocessing = 0;
		};
		B4D3D3AB277523B400135DD2 /* Sources */ = {
			isa = PBXSourcesBuildPhase;
			buildActionMask = 2147483647;
			files = (
				B4D3D3B4277523B400135DD2 /* cakeApplicatiionTests.swift in Sources */,
			);
			runOnlyForDeploymentPostprocessing = 0;
		};
		B4D3D3B5277523B400135DD2 /* Sources */ = {
			isa = PBXSourcesBuildPhase;
			buildActionMask = 2147483647;
			files = (
				B4D3D3BE277523B400135DD2 /* cakeApplicatiionUITests.swift in Sources */,
				B4D3D3C0277523B400135DD2 /* cakeApplicatiionUITestsLaunchTests.swift in Sources */,
			);
			runOnlyForDeploymentPostprocessing = 0;
		};
/* End PBXSourcesBuildPhase section */

/* Begin PBXTargetDependency section */
		B4D3D3B1277523B400135DD2 /* PBXTargetDependency */ = {
			isa = PBXTargetDependency;
			target = B4D3D399277523B300135DD2 /* cakeApplicatiion */;
			targetProxy = B4D3D3B0277523B400135DD2 /* PBXContainerItemProxy */;
		};
		B4D3D3BB277523B400135DD2 /* PBXTargetDependency */ = {
			isa = PBXTargetDependency;
			target = B4D3D399277523B300135DD2 /* cakeApplicatiion */;
			targetProxy = B4D3D3BA277523B400135DD2 /* PBXContainerItemProxy */;
		};
/* End PBXTargetDependency section */

/* Begin XCBuildConfiguration section */
		B4D3D3C1277523B400135DD2 /* Debug */ = {
			isa = XCBuildConfiguration;
			buildSettings = {
				ALWAYS_SEARCH_USER_PATHS = NO;
				CLANG_ANALYZER_NONNULL = YES;
				CLANG_ANALYZER_NUMBER_OBJECT_CONVERSION = YES_AGGRESSIVE;
				CLANG_CXX_LANGUAGE_STANDARD = "gnu++17";
				CLANG_CXX_LIBRARY = "libc++";
				CLANG_ENABLE_MODULES = YES;
				CLANG_ENABLE_OBJC_ARC = YES;
				CLANG_ENABLE_OBJC_WEAK = YES;
				CLANG_WARN_BLOCK_CAPTURE_AUTORELEASING = YES;
				CLANG_WARN_BOOL_CONVERSION = YES;
				CLANG_WARN_COMMA = YES;
				CLANG_WARN_CONSTANT_CONVERSION = YES;
				CLANG_WARN_DEPRECATED_OBJC_IMPLEMENTATIONS = YES;
				CLANG_WARN_DIRECT_OBJC_ISA_USAGE = YES_ERROR;
				CLANG_WARN_DOCUMENTATION_COMMENTS = YES;
				CLANG_WARN_EMPTY_BODY = YES;
				CLANG_WARN_ENUM_CONVERSION = YES;
				CLANG_WARN_INFINITE_RECURSION = YES;
				CLANG_WARN_INT_CONVERSION = YES;
				CLANG_WARN_NON_LITERAL_NULL_CONVERSION = YES;
				CLANG_WARN_OBJC_IMPLICIT_RETAIN_SELF = YES;
				CLANG_WARN_OBJC_LITERAL_CONVERSION = YES;
				CLANG_WARN_OBJC_ROOT_CLASS = YES_ERROR;
				CLANG_WARN_QUOTED_INCLUDE_IN_FRAMEWORK_HEADER = YES;
				CLANG_WARN_RANGE_LOOP_ANALYSIS = YES;
				CLANG_WARN_STRICT_PROTOTYPES = YES;
				CLANG_WARN_SUSPICIOUS_MOVE = YES;
				CLANG_WARN_UNGUARDED_AVAILABILITY = YES_AGGRESSIVE;
				CLANG_WARN_UNREACHABLE_CODE = YES;
				CLANG_WARN__DUPLICATE_METHOD_MATCH = YES;
				COPY_PHASE_STRIP = NO;
				DEBUG_INFORMATION_FORMAT = dwarf;
				ENABLE_STRICT_OBJC_MSGSEND = YES;
				ENABLE_TESTABILITY = YES;
				GCC_C_LANGUAGE_STANDARD = gnu11;
				GCC_DYNAMIC_NO_PIC = NO;
				GCC_NO_COMMON_BLOCKS = YES;
				GCC_OPTIMIZATION_LEVEL = 0;
				GCC_PREPROCESSOR_DEFINITIONS = (
					"DEBUG=1",
					"$(inherited)",
				);
				GCC_WARN_64_TO_32_BIT_CONVERSION = YES;
				GCC_WARN_ABOUT_RETURN_TYPE = YES_ERROR;
				GCC_WARN_UNDECLARED_SELECTOR = YES;
				GCC_WARN_UNINITIALIZED_AUTOS = YES_AGGRESSIVE;
				GCC_WARN_UNUSED_FUNCTION = YES;
				GCC_WARN_UNUSED_VARIABLE = YES;
				IPHONEOS_DEPLOYMENT_TARGET = 15.2;
				MTL_ENABLE_DEBUG_INFO = INCLUDE_SOURCE;
				MTL_FAST_MATH = YES;
				ONLY_ACTIVE_ARCH = YES;
				SDKROOT = iphoneos;
				SWIFT_ACTIVE_COMPILATION_CONDITIONS = DEBUG;
				SWIFT_OPTIMIZATION_LEVEL = "-Onone";
			};
			name = Debug;
		};
		B4D3D3C2277523B400135DD2 /* Release */ = {
			isa = XCBuildConfiguration;
			buildSettings = {
				ALWAYS_SEARCH_USER_PATHS = NO;
				CLANG_ANALYZER_NONNULL = YES;
				CLANG_ANALYZER_NUMBER_OBJECT_CONVERSION = YES_AGGRESSIVE;
				CLANG_CXX_LANGUAGE_STANDARD = "gnu++17";
				CLANG_CXX_LIBRARY = "libc++";
				CLANG_ENABLE_MODULES = YES;
				CLANG_ENABLE_OBJC_ARC = YES;
				CLANG_ENABLE_OBJC_WEAK = YES;
				CLANG_WARN_BLOCK_CAPTURE_AUTORELEASING = YES;
				CLANG_WARN_BOOL_CONVERSION = YES;
				CLANG_WARN_COMMA = YES;
				CLANG_WARN_CONSTANT_CONVERSION = YES;
				CLANG_WARN_DEPRECATED_OBJC_IMPLEMENTATIONS = YES;
				CLANG_WARN_DIRECT_OBJC_ISA_USAGE = YES_ERROR;
				CLANG_WARN_DOCUMENTATION_COMMENTS = YES;
				CLANG_WARN_EMPTY_BODY = YES;
				CLANG_WARN_ENUM_CONVERSION = YES;
				CLANG_WARN_INFINITE_RECURSION = YES;
				CLANG_WARN_INT_CONVERSION = YES;
				CLANG_WARN_NON_LITERAL_NULL_CONVERSION = YES;
				CLANG_WARN_OBJC_IMPLICIT_RETAIN_SELF = YES;
				CLANG_WARN_OBJC_LITERAL_CONVERSION = YES;
				CLANG_WARN_OBJC_ROOT_CLASS = YES_ERROR;
				CLANG_WARN_QUOTED_INCLUDE_IN_FRAMEWORK_HEADER = YES;
				CLANG_WARN_RANGE_LOOP_ANALYSIS = YES;
				CLANG_WARN_STRICT_PROTOTYPES = YES;
				CLANG_WARN_SUSPICIOUS_MOVE = YES;
				CLANG_WARN_UNGUARDED_AVAILABILITY = YES_AGGRESSIVE;
				CLANG_WARN_UNREACHABLE_CODE = YES;
				CLANG_WARN__DUPLICATE_METHOD_MATCH = YES;
				COPY_PHASE_STRIP = NO;
				DEBUG_INFORMATION_FORMAT = "dwarf-with-dsym";
				ENABLE_NS_ASSERTIONS = NO;
				ENABLE_STRICT_OBJC_MSGSEND = YES;
				GCC_C_LANGUAGE_STANDARD = gnu11;
				GCC_NO_COMMON_BLOCKS = YES;
				GCC_WARN_64_TO_32_BIT_CONVERSION = YES;
				GCC_WARN_ABOUT_RETURN_TYPE = YES_ERROR;
				GCC_WARN_UNDECLARED_SELECTOR = YES;
				GCC_WARN_UNINITIALIZED_AUTOS = YES_AGGRESSIVE;
				GCC_WARN_UNUSED_FUNCTION = YES;
				GCC_WARN_UNUSED_VARIABLE = YES;
				IPHONEOS_DEPLOYMENT_TARGET = 15.2;
				MTL_ENABLE_DEBUG_INFO = NO;
				MTL_FAST_MATH = YES;
				SDKROOT = iphoneos;
				SWIFT_COMPILATION_MODE = wholemodule;
				SWIFT_OPTIMIZATION_LEVEL = "-O";
				VALIDATE_PRODUCT = YES;
			};
			name = Release;
		};
		B4D3D3C4277523B400135DD2 /* Debug */ = {
			isa = XCBuildConfiguration;
			buildSettings = {
				ASSETCATALOG_COMPILER_APPICON_NAME = AppIcon;
				ASSETCATALOG_COMPILER_GLOBAL_ACCENT_COLOR_NAME = AccentColor;
				CODE_SIGN_STYLE = Automatic;
				CURRENT_PROJECT_VERSION = 1;
				DEVELOPMENT_ASSET_PATHS = "\"cakeApplicatiion/Preview Content\"";
				DEVELOPMENT_TEAM = DB97PD4D49;
				ENABLE_PREVIEWS = YES;
				GENERATE_INFOPLIST_FILE = YES;
				INFOPLIST_KEY_UIApplicationSceneManifest_Generation = YES;
				INFOPLIST_KEY_UIApplicationSupportsIndirectInputEvents = YES;
				INFOPLIST_KEY_UILaunchScreen_Generation = YES;
				INFOPLIST_KEY_UISupportedInterfaceOrientations_iPad = "UIInterfaceOrientationPortrait UIInterfaceOrientationPortraitUpsideDown UIInterfaceOrientationLandscapeLeft UIInterfaceOrientationLandscapeRight";
				INFOPLIST_KEY_UISupportedInterfaceOrientations_iPhone = "UIInterfaceOrientationPortrait UIInterfaceOrientationLandscapeLeft UIInterfaceOrientationLandscapeRight";
				LD_RUNPATH_SEARCH_PATHS = (
					"$(inherited)",
					"@executable_path/Frameworks",
				);
				MARKETING_VERSION = 1.0;
				PRODUCT_BUNDLE_IDENTIFIER = com.kinjal.firstApp.cakeApplicatiion;
				PRODUCT_NAME = "$(TARGET_NAME)";
				SWIFT_EMIT_LOC_STRINGS = YES;
				SWIFT_VERSION = 5.0;
				TARGETED_DEVICE_FAMILY = "1,2";
			};
			name = Debug;
		};
		B4D3D3C5277523B400135DD2 /* Release */ = {
			isa = XCBuildConfiguration;
			buildSettings = {
				ASSETCATALOG_COMPILER_APPICON_NAME = AppIcon;
				ASSETCATALOG_COMPILER_GLOBAL_ACCENT_COLOR_NAME = AccentColor;
				CODE_SIGN_STYLE = Automatic;
				CURRENT_PROJECT_VERSION = 1;
				DEVELOPMENT_ASSET_PATHS = "\"cakeApplicatiion/Preview Content\"";
				DEVELOPMENT_TEAM = DB97PD4D49;
				ENABLE_PREVIEWS = YES;
				GENERATE_INFOPLIST_FILE = YES;
				INFOPLIST_KEY_UIApplicationSceneManifest_Generation = YES;
				INFOPLIST_KEY_UIApplicationSupportsIndirectInputEvents = YES;
				INFOPLIST_KEY_UILaunchScreen_Generation = YES;
				INFOPLIST_KEY_UISupportedInterfaceOrientations_iPad = "UIInterfaceOrientationPortrait UIInterfaceOrientationPortraitUpsideDown UIInterfaceOrientationLandscapeLeft UIInterfaceOrientationLandscapeRight";
				INFOPLIST_KEY_UISupportedInterfaceOrientations_iPhone = "UIInterfaceOrientationPortrait UIInterfaceOrientationLandscapeLeft UIInterfaceOrientationLandscapeRight";
				LD_RUNPATH_SEARCH_PATHS = (
					"$(inherited)",
					"@executable_path/Frameworks",
				);
				MARKETING_VERSION = 1.0;
				PRODUCT_BUNDLE_IDENTIFIER = com.kinjal.firstApp.cakeApplicatiion;
				PRODUCT_NAME = "$(TARGET_NAME)";
				SWIFT_EMIT_LOC_STRINGS = YES;
				SWIFT_VERSION = 5.0;
				TARGETED_DEVICE_FAMILY = "1,2";
			};
			name = Release;
		};
		B4D3D3C7277523B400135DD2 /* Debug */ = {
			isa = XCBuildConfiguration;
			buildSettings = {
				ALWAYS_EMBED_SWIFT_STANDARD_LIBRARIES = YES;
				BUNDLE_LOADER = "$(TEST_HOST)";
				CODE_SIGN_STYLE = Automatic;
				CURRENT_PROJECT_VERSION = 1;
				DEVELOPMENT_TEAM = DB97PD4D49;
				GENERATE_INFOPLIST_FILE = YES;
				IPHONEOS_DEPLOYMENT_TARGET = 15.2;
				MARKETING_VERSION = 1.0;
				PRODUCT_BUNDLE_IDENTIFIER = com.kinjal.firstApp.cakeApplicatiionTests;
				PRODUCT_NAME = "$(TARGET_NAME)";
				SWIFT_EMIT_LOC_STRINGS = NO;
				SWIFT_VERSION = 5.0;
				TARGETED_DEVICE_FAMILY = "1,2";
				TEST_HOST = "$(BUILT_PRODUCTS_DIR)/cakeApplicatiion.app/cakeApplicatiion";
			};
			name = Debug;
		};
		B4D3D3C8277523B400135DD2 /* Release */ = {
			isa = XCBuildConfiguration;
			buildSettings = {
				ALWAYS_EMBED_SWIFT_STANDARD_LIBRARIES = YES;
				BUNDLE_LOADER = "$(TEST_HOST)";
				CODE_SIGN_STYLE = Automatic;
				CURRENT_PROJECT_VERSION = 1;
				DEVELOPMENT_TEAM = DB97PD4D49;
				GENERATE_INFOPLIST_FILE = YES;
				IPHONEOS_DEPLOYMENT_TARGET = 15.2;
				MARKETING_VERSION = 1.0;
				PRODUCT_BUNDLE_IDENTIFIER = com.kinjal.firstApp.cakeApplicatiionTests;
				PRODUCT_NAME = "$(TARGET_NAME)";
				SWIFT_EMIT_LOC_STRINGS = NO;
				SWIFT_VERSION = 5.0;
				TARGETED_DEVICE_FAMILY = "1,2";
				TEST_HOST = "$(BUILT_PRODUCTS_DIR)/cakeApplicatiion.app/cakeApplicatiion";
			};
			name = Release;
		};
		B4D3D3CA277523B400135DD2 /* Debug */ = {
			isa = XCBuildConfiguration;
			buildSettings = {
				ALWAYS_EMBED_SWIFT_STANDARD_LIBRARIES = YES;
				CODE_SIGN_STYLE = Automatic;
				CURRENT_PROJECT_VERSION = 1;
				DEVELOPMENT_TEAM = DB97PD4D49;
				GENERATE_INFOPLIST_FILE = YES;
				MARKETING_VERSION = 1.0;
				PRODUCT_BUNDLE_IDENTIFIER = com.kinjal.firstApp.cakeApplicatiionUITests;
				PRODUCT_NAME = "$(TARGET_NAME)";
				SWIFT_EMIT_LOC_STRINGS = NO;
				SWIFT_VERSION = 5.0;
				TARGETED_DEVICE_FAMILY = "1,2";
				TEST_TARGET_NAME = cakeApplicatiion;
			};
			name = Debug;
		};
		B4D3D3CB277523B400135DD2 /* Release */ = {
			isa = XCBuildConfiguration;
			buildSettings = {
				ALWAYS_EMBED_SWIFT_STANDARD_LIBRARIES = YES;
				CODE_SIGN_STYLE = Automatic;
				CURRENT_PROJECT_VERSION = 1;
				DEVELOPMENT_TEAM = DB97PD4D49;
				GENERATE_INFOPLIST_FILE = YES;
				MARKETING_VERSION = 1.0;
				PRODUCT_BUNDLE_IDENTIFIER = com.kinjal.firstApp.cakeApplicatiionUITests;
				PRODUCT_NAME = "$(TARGET_NAME)";
				SWIFT_EMIT_LOC_STRINGS = NO;
				SWIFT_VERSION = 5.0;
				TARGETED_DEVICE_FAMILY = "1,2";
				TEST_TARGET_NAME = cakeApplicatiion;
			};
			name = Release;
		};
/* End XCBuildConfiguration section */

/* Begin XCConfigurationList section */
		B4D3D395277523B300135DD2 /* Build configuration list for PBXProject "cakeApplicatiion" */ = {
			isa = XCConfigurationList;
			buildConfigurations = (
				B4D3D3C1277523B400135DD2 /* Debug */,
				B4D3D3C2277523B400135DD2 /* Release */,
			);
			defaultConfigurationIsVisible = 0;
			defaultConfigurationName = Release;
		};
		B4D3D3C3277523B400135DD2 /* Build configuration list for PBXNativeTarget "cakeApplicatiion" */ = {
			isa = XCConfigurationList;
			buildConfigurations = (
				B4D3D3C4277523B400135DD2 /* Debug */,
				B4D3D3C5277523B400135DD2 /* Release */,
			);
			defaultConfigurationIsVisible = 0;
			defaultConfigurationName = Release;
		};
		B4D3D3C6277523B400135DD2 /* Build configuration list for PBXNativeTarget "cakeApplicatiionTests" */ = {
			isa = XCConfigurationList;
			buildConfigurations = (
				B4D3D3C7277523B400135DD2 /* Debug */,
				B4D3D3C8277523B400135DD2 /* Release */,
			);
			defaultConfigurationIsVisible = 0;
			defaultConfigurationName = Release;
		};
		B4D3D3C9277523B400135DD2 /* Build configuration list for PBXNativeTarget "cakeApplicatiionUITests" */ = {
			isa = XCConfigurationList;
			buildConfigurations = (
				B4D3D3CA277523B400135DD2 /* Debug */,
				B4D3D3CB277523B400135DD2 /* Release */,
			);
			defaultConfigurationIsVisible = 0;
			defaultConfigurationName = Release;
		};
/* End XCConfigurationList section */

/* Begin XCVersionGroup section */
		B4D3D3A8277523B400135DD2 /* cakeApplicatiion.xcdatamodeld */ = {
			isa = XCVersionGroup;
			children = (
				B4D3D3A9277523B400135DD2 /* cakeApplicatiion.xcdatamodel */,
			);
			currentVersion = B4D3D3A9277523B400135DD2 /* cakeApplicatiion.xcdatamodel */;
			path = cakeApplicatiion.xcdatamodeld;
			sourceTree = "<group>";
			versionGroupType = wrapper.xcdatamodel;
		};
/* End XCVersionGroup section */
	};
	rootObject = B4D3D392277523B300135DD2 /* Project object */;
}
